
Microsoft Visual Studio Solution File, Format Version 11.00
# Visual Studio 2010
Project("{FAE04EC0-301F-11D3-BF4B-00C04F79EFBC}") = "Antix.Mail.Smtp.Impostor", "Antix.Mail.Smtp.Impostor\Antix.Mail.Smtp.Impostor.csproj", "{A9DD8650-82DC-4C4F-A415-323463478B7C}"
EndProject
Project("{FAE04EC0-301F-11D3-BF4B-00C04F79EFBC}") = "Antix.Mail.Tester", "Antix.Mail.Tester\Antix.Mail.Tester.csproj", "{A68ECC86-B809-4E0D-92BC-429755C38996}"
EndProject
Project("{FAE04EC0-301F-11D3-BF4B-00C04F79EFBC}") = "Antix.Mail.Tests", "Antix.Mail.Tests\Antix.Mail.Tests.csproj", "{A83D92BD-0001-4014-91B7-7F9DABAF7B64}"
EndProject
Project("{2150E333-8FDC-42A3-9474-1A3956D46DE8}") = "Solution Items", "Solution Items", "{332D9E52-0E9A-4C98-88C8-F6F77767C70B}"
	ProjectSection(SolutionItems) = preProject
		Antix.SSFD.vsmdi = Antix.SSFD.vsmdi
		Local.testsettings = Local.testsettings
		TraceAndTestImpact.testsettings = TraceAndTestImpact.testsettings
	EndProjectSection
EndProject
Project("{FAE04EC0-301F-11D3-BF4B-00C04F79EFBC}") = "Antix.Mail.Smtp.Impostor.Client", "Antix.Mail.Smtp.Impostor.Client\Antix.Mail.Smtp.Impostor.Client.csproj", "{9BBA8D3D-A113-4A2C-9915-DB1A044AC455}"
EndProject
Project("{54435603-DBB4-11D2-8724-00A0C9A8B90C}") = "Antix.Mail.Smtp.Impostor.Setup", "Antix.Mail.Smtp.Impostor.Setup\Antix.Mail.Smtp.Impostor.Setup.vdproj", "{742ECBCD-F92D-4C06-9036-64C900A9B901}"
EndProject
Global

	EndGlobalSection
	GlobalSection(TestCaseManagementSettings) = postSolution
		CategoryFile = Antix.SSFD.vsmdi
	EndGlobalSection
	GlobalSection(SolutionConfigurationPlatforms) = preSolution
		Debug|Any CPU = Debug|Any CPU
		Debug|Mixed Platforms = Debug|Mixed Platforms
		Debug|x86 = Debug|x86
		Release|Any CPU = Release|Any CPU
		Release|Mixed Platforms = Release|Mixed Platforms
		Release|x86 = Release|x86
	EndGlobalSection
	GlobalSection(ProjectConfigurationPlatforms) = postSolution
		{A9DD8650-82DC-4C4F-A415-323463478B7C}.Debug|Any CPU.ActiveCfg = Debug|Any CPU
		{A9DD8650-82DC-4C4F-A415-323463478B7C}.Debug|Any CPU.Build.0 = Debug|Any CPU
		{A9DD8650-82DC-4C4F-A415-323463478B7C}.Debug|Mixed Platforms.ActiveCfg = Debug|Any CPU
		{A9DD8650-82DC-4C4F-A415-323463478B7C}.Debug|Mixed Platforms.Build.0 = Debug|Any CPU
		{A9DD8650-82DC-4C4F-A415-323463478B7C}.Debug|x86.ActiveCfg = Debug|Any CPU
		{A9DD8650-82DC-4C4F-A415-323463478B7C}.Release|Any CPU.ActiveCfg = Release|Any CPU
		{A9DD8650-82DC-4C4F-A415-323463478B7C}.Release|Any CPU.Build.0 = Release|Any CPU
		{A9DD8650-82DC-4C4F-A415-323463478B7C}.Release|Mixed Platforms.ActiveCfg = Release|Any CPU
		{A9DD8650-82DC-4C4F-A415-323463478B7C}.Release|Mixed Platforms.Build.0 = Release|Any CPU
		{A9DD8650-82DC-4C4F-A415-323463478B7C}.Release|x86.ActiveCfg = Release|Any CPU
		{A68ECC86-B809-4E0D-92BC-429755C38996}.Debug|Any CPU.ActiveCfg = Debug|x86
		{A68ECC86-B809-4E0D-92BC-429755C38996}.Debug|Mixed Platforms.ActiveCfg = Debug|x86
		{A68ECC86-B809-4E0D-92BC-429755C38996}.Debug|Mixed Platforms.Build.0 = Debug|x86
		{A68ECC86-B809-4E0D-92BC-429755C38996}.Debug|x86.ActiveCfg = Debug|x86
		{A68ECC86-B809-4E0D-92BC-429755C38996}.Debug|x86.Build.0 = Debug|x86
		{A68ECC86-B809-4E0D-92BC-429755C38996}.Release|Any CPU.ActiveCfg = Release|x86
		{A68ECC86-B809-4E0D-92BC-429755C38996}.Release|Mixed Platforms.ActiveCfg = Release|x86
		{A68ECC86-B809-4E0D-92BC-429755C38996}.Release|Mixed Platforms.Build.0 = Release|x86
		{A68ECC86-B809-4E0D-92BC-429755C38996}.Release|x86.ActiveCfg = Release|x86
		{A68ECC86-B809-4E0D-92BC-429755C38996}.Release|x86.Build.0 = Release|x86
		{A83D92BD-0001-4014-91B7-7F9DABAF7B64}.Debug|Any CPU.ActiveCfg = Debug|Any CPU
		{A83D92BD-0001-4014-91B7-7F9DABAF7B64}.Debug|Any CPU.Build.0 = Debug|Any CPU
		{A83D92BD-0001-4014-91B7-7F9DABAF7B64}.Debug|Mixed Platforms.ActiveCfg = Debug|Any CPU
		{A83D92BD-0001-4014-91B7-7F9DABAF7B64}.Debug|Mixed Platforms.Build.0 = Debug|Any CPU
		{A83D92BD-0001-4014-91B7-7F9DABAF7B64}.Debug|x86.ActiveCfg = Debug|Any CPU
		{A83D92BD-0001-4014-91B7-7F9DABAF7B64}.Release|Any CPU.ActiveCfg = Release|Any CPU
		{A83D92BD-0001-4014-91B7-7F9DABAF7B64}.Release|Any CPU.Build.0 = Release|Any CPU
		{A83D92BD-0001-4014-91B7-7F9DABAF7B64}.Release|Mixed Platforms.ActiveCfg = Release|Any CPU
		{A83D92BD-0001-4014-91B7-7F9DABAF7B64}.Release|Mixed Platforms.Build.0 = Release|Any CPU
		{A83D92BD-0001-4014-91B7-7F9DABAF7B64}.Release|x86.ActiveCfg = Release|Any CPU
		{9BBA8D3D-A113-4A2C-9915-DB1A044AC455}.Debug|Any CPU.ActiveCfg = Debug|x86
		{9BBA8D3D-A113-4A2C-9915-DB1A044AC455}.Debug|Mixed Platforms.ActiveCfg = Debug|x86
		{9BBA8D3D-A113-4A2C-9915-DB1A044AC455}.Debug|Mixed Platforms.Build.0 = Debug|x86
		{9BBA8D3D-A113-4A2C-9915-DB1A044AC455}.Debug|x86.ActiveCfg = Debug|x86
		{9BBA8D3D-A113-4A2C-9915-DB1A044AC455}.Debug|x86.Build.0 = Debug|x86
		{9BBA8D3D-A113-4A2C-9915-DB1A044AC455}.Release|Any CPU.ActiveCfg = Release|x86
		{9BBA8D3D-A113-4A2C-9915-DB1A044AC455}.Release|Mixed Platforms.ActiveCfg = Release|x86
		{9BBA8D3D-A113-4A2C-9915-DB1A044AC455}.Release|Mixed Platforms.Build.0 = Release|x86
		{9BBA8D3D-A113-4A2C-9915-DB1A044AC455}.Release|x86.ActiveCfg = Release|x86
		{9BBA8D3D-A113-4A2C-9915-DB1A044AC455}.Release|x86.Build.0 = Release|x86
		{742ECBCD-F92D-4C06-9036-64C900A9B901}.Debug|Any CPU.ActiveCfg = Debug
		{742ECBCD-F92D-4C06-9036-64C900A9B901}.Debug|Mixed Platforms.ActiveCfg = Debug
		{742ECBCD-F92D-4C06-9036-64C900A9B901}.Debug|x86.ActiveCfg = Debug
		{742ECBCD-F92D-4C06-9036-64C900A9B901}.Release|Any CPU.ActiveCfg = Release
		{742ECBCD-F92D-4C06-9036-64C900A9B901}.Release|Mixed Platforms.ActiveCfg = Release
		{742ECBCD-F92D-4C06-9036-64C900A9B901}.Release|x86.ActiveCfg = Release
	EndGlobalSection
	GlobalSection(SolutionProperties) = preSolution
		HideSolutionNode = FALSE
	EndGlobalSection
EndGlobal
